
Microsoft Visual Studio Solution File, Format Version 12.00
# Visual Studio Version 16
VisualStudioVersion = 16.0.29806.167
MinimumVisualStudioVersion = 10.0.40219.1
Project("{FAE04EC0-301F-11D3-BF4B-00C04F79EFBC}") = "ArrayEditor", "ArrayEditor.csproj", "{8DDF1FEB-67A1-4880-ADF2-4CA3BD2D9405}"
EndProject
Global
	GlobalSection(SolutionConfigurationPlatforms) = preSolution
		Debug|Any CPU = Debug|Any CPU
		Release|Any CPU = Release|Any CPU
	EndGlobalSection
	GlobalSection(ProjectConfigurationPlatforms) = postSolution
		{8DDF1FEB-67A1-4880-ADF2-4CA3BD2D9405}.Debug|Any CPU.ActiveCfg = Debug|Any CPU
		{8DDF1FEB-67A1-4880-ADF2-4CA3BD2D9405}.Debug|Any CPU.Build.0 = Debug|Any CPU
		{8DDF1FEB-67A1-4880-ADF2-4CA3BD2D9405}.Release|Any CPU.ActiveCfg = Release|Any CPU
		{8DDF1FEB-67A1-4880-ADF2-4CA3BD2D9405}.Release|Any CPU.Build.0 = Release|Any CPU
	EndGlobalSection
	GlobalSection(SolutionProperties) = preSolution
		HideSolutionNode = FALSE
	EndGlobalSection
	GlobalSection(ExtensibilityGlobals) = postSolution
		SolutionGuid = {35BCDDC2-8001-4E99-9210-84ABD7F9493A}
	EndGlobalSection
EndGlobal
